
Microsoft Visual Studio Solution File, Format Version 12.00
# Visual Studio Version 17
VisualStudioVersion = 17.3.32804.467
MinimumVisualStudioVersion = 10.0.40219.1
Project("{FAE04EC0-301F-11D3-BF4B-00C04F79EFBC}") = "bingo", "bingo\bingo.csproj", "{35E2EF39-6FFF-41FA-BF3F-AB25873F033E}"
EndProject
Global
	GlobalSection(SolutionConfigurationPlatforms) = preSolution
		Debug|Any CPU = Debug|Any CPU
		Release|Any CPU = Release|Any CPU
	EndGlobalSection
	GlobalSection(ProjectConfigurationPlatforms) = postSolution
		{35E2EF39-6FFF-41FA-BF3F-AB25873F033E}.Debug|Any CPU.ActiveCfg = Debug|Any CPU
		{35E2EF39-6FFF-41FA-BF3F-AB25873F033E}.Debug|Any CPU.Build.0 = Debug|Any CPU
		{35E2EF39-6FFF-41FA-BF3F-AB25873F033E}.Release|Any CPU.ActiveCfg = Release|Any CPU
		{35E2EF39-6FFF-41FA-BF3F-AB25873F033E}.Release|Any CPU.Build.0 = Release|Any CPU
	EndGlobalSection
	GlobalSection(SolutionProperties) = preSolution
		HideSolutionNode = FALSE
	EndGlobalSection
	GlobalSection(ExtensibilityGlobals) = postSolution
		SolutionGuid = {CC54D1A9-4142-46D2-9AE5-DCEBE4918EED}
	EndGlobalSection
EndGlobal
